// !$*UTF8*$!
{
	archiveVersion = 1;
	classes = {
	};
	objectVersion = 56;
	objects = {

/* Begin PBXBuildFile section */
		E45281612BD159D1002FC7D3 /* PickerTestApp.swift in Sources */ = {isa = PBXBuildFile; fileRef = E45281602BD159D1002FC7D3 /* PickerTestApp.swift */; };
		E45281632BD159D1002FC7D3 /* ContentView.swift in Sources */ = {isa = PBXBuildFile; fileRef = E45281622BD159D1002FC7D3 /* ContentView.swift */; };
		E45281652BD159D1002FC7D3 /* Assets.xcassets in Resources */ = {isa = PBXBuildFile; fileRef = E45281642BD159D1002FC7D3 /* Assets.xcassets */; };
		E45281692BD159D1002FC7D3 /* Preview Assets.xcassets in Resources */ = {isa = PBXBuildFile; fileRef = E45281682BD159D1002FC7D3 /* Preview Assets.xcassets */; };
		E45281732BD159D2002FC7D3 /* PickerTestTests.swift in Sources */ = {isa = PBXBuildFile; fileRef = E45281722BD159D2002FC7D3 /* PickerTestTests.swift */; };
		E452817D2BD159D2002FC7D3 /* PickerTestUITests.swift in Sources */ = {isa = PBXBuildFile; fileRef = E452817C2BD159D2002FC7D3 /* PickerTestUITests.swift */; };
		E452817F2BD159D2002FC7D3 /* PickerTestUITestsLaunchTests.swift in Sources */ = {isa = PBXBuildFile; fileRef = E452817E2BD159D2002FC7D3 /* PickerTestUITestsLaunchTests.swift */; };
/* End PBXBuildFile section */

/* Begin PBXContainerItemProxy section */
		E452816F2BD159D2002FC7D3 /* PBXContainerItemProxy */ = {
			isa = PBXContainerItemProxy;
			containerPortal = E45281552BD159D1002FC7D3 /* Project object */;
			proxyType = 1;
			remoteGlobalIDString = E452815C2BD159D1002FC7D3;
			remoteInfo = PickerTest;
		};
		E45281792BD159D2002FC7D3 /* PBXContainerItemProxy */ = {
			isa = PBXContainerItemProxy;
			containerPortal = E45281552BD159D1002FC7D3 /* Project object */;
			proxyType = 1;
			remoteGlobalIDString = E452815C2BD159D1002FC7D3;
			remoteInfo = PickerTest;
		};
/* End PBXContainerItemProxy section */

/* Begin PBXFileReference section */
		E452815D2BD159D1002FC7D3 /* PickerTest.app */ = {isa = PBXFileReference; explicitFileType = wrapper.application; includeInIndex = 0; path = PickerTest.app; sourceTree = BUILT_PRODUCTS_DIR; };
		E45281602BD159D1002FC7D3 /* PickerTestApp.swift */ = {isa = PBXFileReference; lastKnownFileType = sourcecode.swift; path = PickerTestApp.swift; sourceTree = "<group>"; };
		E45281622BD159D1002FC7D3 /* ContentView.swift */ = {isa = PBXFileReference; lastKnownFileType = sourcecode.swift; path = ContentView.swift; sourceTree = "<group>"; };
		E45281642BD159D1002FC7D3 /* Assets.xcassets */ = {isa = PBXFileReference; lastKnownFileType = folder.assetcatalog; path = Assets.xcassets; sourceTree = "<group>"; };
		E45281662BD159D1002FC7D3 /* PickerTest.entitlements */ = {isa = PBXFileReference; lastKnownFileType = text.plist.entitlements; path = PickerTest.entitlements; sourceTree = "<group>"; };
		E45281682BD159D1002FC7D3 /* Preview Assets.xcassets */ = {isa = PBXFileReference; lastKnownFileType = folder.assetcatalog; path = "Preview Assets.xcassets"; sourceTree = "<group>"; };
		E452816E2BD159D2002FC7D3 /* PickerTestTests.xctest */ = {isa = PBXFileReference; explicitFileType = wrapper.cfbundle; includeInIndex = 0; path = PickerTestTests.xctest; sourceTree = BUILT_PRODUCTS_DIR; };
		E45281722BD159D2002FC7D3 /* PickerTestTests.swift */ = {isa = PBXFileReference; lastKnownFileType = sourcecode.swift; path = PickerTestTests.swift; sourceTree = "<group>"; };
		E45281782BD159D2002FC7D3 /* PickerTestUITests.xctest */ = {isa = PBXFileReference; explicitFileType = wrapper.cfbundle; includeInIndex = 0; path = PickerTestUITests.xctest; sourceTree = BUILT_PRODUCTS_DIR; };
		E452817C2BD159D2002FC7D3 /* PickerTestUITests.swift */ = {isa = PBXFileReference; lastKnownFileType = sourcecode.swift; path = PickerTestUITests.swift; sourceTree = "<group>"; };
		E452817E2BD159D2002FC7D3 /* PickerTestUITestsLaunchTests.swift */ = {isa = PBXFileReference; lastKnownFileType = sourcecode.swift; path = PickerTestUITestsLaunchTests.swift; sourceTree = "<group>"; };
/* End PBXFileReference section */

/* Begin PBXFrameworksBuildPhase section */
		E452815A2BD159D1002FC7D3 /* Frameworks */ = {
			isa = PBXFrameworksBuildPhase;
			buildActionMask = 2147483647;
			files = (
			);
			runOnlyForDeploymentPostprocessing = 0;
		};
		E452816B2BD159D2002FC7D3 /* Frameworks */ = {
			isa = PBXFrameworksBuildPhase;
			buildActionMask = 2147483647;
			files = (
			);
			runOnlyForDeploymentPostprocessing = 0;
		};
		E45281752BD159D2002FC7D3 /* Frameworks */ = {
			isa = PBXFrameworksBuildPhase;
			buildActionMask = 2147483647;
			files = (
			);
			runOnlyForDeploymentPostprocessing = 0;
		};
/* End PBXFrameworksBuildPhase section */

/* Begin PBXGroup section */
		E45281542BD159D1002FC7D3 = {
			isa = PBXGroup;
			children = (
				E452815F2BD159D1002FC7D3 /* PickerTest */,
				E45281712BD159D2002FC7D3 /* PickerTestTests */,
				E452817B2BD159D2002FC7D3 /* PickerTestUITests */,
				E452815E2BD159D1002FC7D3 /* Products */,
			);
			sourceTree = "<group>";
		};
		E452815E2BD159D1002FC7D3 /* Products */ = {
			isa = PBXGroup;
			children = (
				E452815D2BD159D1002FC7D3 /* PickerTest.app */,
				E452816E2BD159D2002FC7D3 /* PickerTestTests.xctest */,
				E45281782BD159D2002FC7D3 /* PickerTestUITests.xctest */,
			);
			name = Products;
			sourceTree = "<group>";
		};
		E452815F2BD159D1002FC7D3 /* PickerTest */ = {
			isa = PBXGroup;
			children = (
				E45281602BD159D1002FC7D3 /* PickerTestApp.swift */,
				E45281622BD159D1002FC7D3 /* ContentView.swift */,
				E45281642BD159D1002FC7D3 /* Assets.xcassets */,
				E45281662BD159D1002FC7D3 /* PickerTest.entitlements */,
				E45281672BD159D1002FC7D3 /* Preview Content */,
			);
			path = PickerTest;
			sourceTree = "<group>";
		};
		E45281672BD159D1002FC7D3 /* Preview Content */ = {
			isa = PBXGroup;
			children = (
				E45281682BD159D1002FC7D3 /* Preview Assets.xcassets */,
			);
			path = "Preview Content";
			sourceTree = "<group>";
		};
		E45281712BD159D2002FC7D3 /* PickerTestTests */ = {
			isa = PBXGroup;
			children = (
				E45281722BD159D2002FC7D3 /* PickerTestTests.swift */,
			);
			path = PickerTestTests;
			sourceTree = "<group>";
		};
		E452817B2BD159D2002FC7D3 /* PickerTestUITests */ = {
			isa = PBXGroup;
			children = (
				E452817C2BD159D2002FC7D3 /* PickerTestUITests.swift */,
				E452817E2BD159D2002FC7D3 /* PickerTestUITestsLaunchTests.swift */,
			);
			path = PickerTestUITests;
			sourceTree = "<group>";
		};
/* End PBXGroup section */

/* Begin PBXNativeTarget section */
		E452815C2BD159D1002FC7D3 /* PickerTest */ = {
			isa = PBXNativeTarget;
			buildConfigurationList = E45281822BD159D2002FC7D3 /* Build configuration list for PBXNativeTarget "PickerTest" */;
			buildPhases = (
				E45281592BD159D1002FC7D3 /* Sources */,
				E452815A2BD159D1002FC7D3 /* Frameworks */,
				E452815B2BD159D1002FC7D3 /* Resources */,
			);
			buildRules = (
			);
			dependencies = (
			);
			name = PickerTest;
			productName = PickerTest;
			productReference = E452815D2BD159D1002FC7D3 /* PickerTest.app */;
			productType = "com.apple.product-type.application";
		};
		E452816D2BD159D2002FC7D3 /* PickerTestTests */ = {
			isa = PBXNativeTarget;
			buildConfigurationList = E45281852BD159D2002FC7D3 /* Build configuration list for PBXNativeTarget "PickerTestTests" */;
			buildPhases = (
				E452816A2BD159D2002FC7D3 /* Sources */,
				E452816B2BD159D2002FC7D3 /* Frameworks */,
				E452816C2BD159D2002FC7D3 /* Resources */,
			);
			buildRules = (
			);
			dependencies = (
				E45281702BD159D2002FC7D3 /* PBXTargetDependency */,
			);
			name = PickerTestTests;
			productName = PickerTestTests;
			productReference = E452816E2BD159D2002FC7D3 /* PickerTestTests.xctest */;
			productType = "com.apple.product-type.bundle.unit-test";
		};
		E45281772BD159D2002FC7D3 /* PickerTestUITests */ = {
			isa = PBXNativeTarget;
			buildConfigurationList = E45281882BD159D2002FC7D3 /* Build configuration list for PBXNativeTarget "PickerTestUITests" */;
			buildPhases = (
				E45281742BD159D2002FC7D3 /* Sources */,
				E45281752BD159D2002FC7D3 /* Frameworks */,
				E45281762BD159D2002FC7D3 /* Resources */,
			);
			buildRules = (
			);
			dependencies = (
				E452817A2BD159D2002FC7D3 /* PBXTargetDependency */,
			);
			name = PickerTestUITests;
			productName = PickerTestUITests;
			productReference = E45281782BD159D2002FC7D3 /* PickerTestUITests.xctest */;
			productType = "com.apple.product-type.bundle.ui-testing";
		};
/* End PBXNativeTarget section */

/* Begin PBXProject section */
		E45281552BD159D1002FC7D3 /* Project object */ = {
			isa = PBXProject;
			attributes = {
				BuildIndependentTargetsInParallel = 1;
				LastSwiftUpdateCheck = 1530;
				LastUpgradeCheck = 1530;
				TargetAttributes = {
					E452815C2BD159D1002FC7D3 = {
						CreatedOnToolsVersion = 15.3;
					};
					E452816D2BD159D2002FC7D3 = {
						CreatedOnToolsVersion = 15.3;
						TestTargetID = E452815C2BD159D1002FC7D3;
					};
					E45281772BD159D2002FC7D3 = {
						CreatedOnToolsVersion = 15.3;
						TestTargetID = E452815C2BD159D1002FC7D3;
					};
				};
			};
			buildConfigurationList = E45281582BD159D1002FC7D3 /* Build configuration list for PBXProject "PickerTest" */;
			compatibilityVersion = "Xcode 14.0";
			developmentRegion = en;
			hasScannedForEncodings = 0;
			knownRegions = (
				en,
				Base,
			);
			mainGroup = E45281542BD159D1002FC7D3;
			productRefGroup = E452815E2BD159D1002FC7D3 /* Products */;
			projectDirPath = "";
			projectRoot = "";
			targets = (
				E452815C2BD159D1002FC7D3 /* PickerTest */,
				E452816D2BD159D2002FC7D3 /* PickerTestTests */,
				E45281772BD159D2002FC7D3 /* PickerTestUITests */,
			);
		};
/* End PBXProject section */

/* Begin PBXResourcesBuildPhase section */
		E452815B2BD159D1002FC7D3 /* Resources */ = {
			isa = PBXResourcesBuildPhase;
			buildActionMask = 2147483647;
			files = (
				E45281692BD159D1002FC7D3 /* Preview Assets.xcassets in Resources */,
				E45281652BD159D1002FC7D3 /* Assets.xcassets in Resources */,
			);
			runOnlyForDeploymentPostprocessing = 0;
		};
		E452816C2BD159D2002FC7D3 /* Resources */ = {
			isa = PBXResourcesBuildPhase;
			buildActionMask = 2147483647;
			files = (
			);
			runOnlyForDeploymentPostprocessing = 0;
		};
		E45281762BD159D2002FC7D3 /* Resources */ = {
			isa = PBXResourcesBuildPhase;
			buildActionMask = 2147483647;
			files = (
			);
			runOnlyForDeploymentPostprocessing = 0;
		};
/* End PBXResourcesBuildPhase section */

/* Begin PBXSourcesBuildPhase section */
		E45281592BD159D1002FC7D3 /* Sources */ = {
			isa = PBXSourcesBuildPhase;
			buildActionMask = 2147483647;
			files = (
				E45281632BD159D1002FC7D3 /* ContentView.swift in Sources */,
				E45281612BD159D1002FC7D3 /* PickerTestApp.swift in Sources */,
			);
			runOnlyForDeploymentPostprocessing = 0;
		};
		E452816A2BD159D2002FC7D3 /* Sources */ = {
			isa = PBXSourcesBuildPhase;
			buildActionMask = 2147483647;
			files = (
				E45281732BD159D2002FC7D3 /* PickerTestTests.swift in Sources */,
			);
			runOnlyForDeploymentPostprocessing = 0;
		};
		E45281742BD159D2002FC7D3 /* Sources */ = {
			isa = PBXSourcesBuildPhase;
			buildActionMask = 2147483647;
			files = (
				E452817F2BD159D2002FC7D3 /* PickerTestUITestsLaunchTests.swift in Sources */,
				E452817D2BD159D2002FC7D3 /* PickerTestUITests.swift in Sources */,
			);
			runOnlyForDeploymentPostprocessing = 0;
		};
/* End PBXSourcesBuildPhase section */

/* Begin PBXTargetDependency section */
		E45281702BD159D2002FC7D3 /* PBXTargetDependency */ = {
			isa = PBXTargetDependency;
			target = E452815C2BD159D1002FC7D3 /* PickerTest */;
			targetProxy = E452816F2BD159D2002FC7D3 /* PBXContainerItemProxy */;
		};
		E452817A2BD159D2002FC7D3 /* PBXTargetDependency */ = {
			isa = PBXTargetDependency;
			target = E452815C2BD159D1002FC7D3 /* PickerTest */;
			targetProxy = E45281792BD159D2002FC7D3 /* PBXContainerItemProxy */;
		};
/* End PBXTargetDependency section */

/* Begin XCBuildConfiguration section */
		E45281802BD159D2002FC7D3 /* Debug */ = {
			isa = XCBuildConfiguration;
			buildSettings = {
				ALWAYS_SEARCH_USER_PATHS = NO;
				ASSETCATALOG_COMPILER_GENERATE_SWIFT_ASSET_SYMBOL_EXTENSIONS = YES;
				CLANG_ANALYZER_NONNULL = YES;
				CLANG_ANALYZER_NUMBER_OBJECT_CONVERSION = YES_AGGRESSIVE;
				CLANG_CXX_LANGUAGE_STANDARD = "gnu++20";
				CLANG_ENABLE_MODULES = YES;
				CLANG_ENABLE_OBJC_ARC = YES;
				CLANG_ENABLE_OBJC_WEAK = YES;
				CLANG_WARN_BLOCK_CAPTURE_AUTORELEASING = YES;
				CLANG_WARN_BOOL_CONVERSION = YES;
				CLANG_WARN_COMMA = YES;
				CLANG_WARN_CONSTANT_CONVERSION = YES;
				CLANG_WARN_DEPRECATED_OBJC_IMPLEMENTATIONS = YES;
				CLANG_WARN_DIRECT_OBJC_ISA_USAGE = YES_ERROR;
				CLANG_WARN_DOCUMENTATION_COMMENTS = YES;
				CLANG_WARN_EMPTY_BODY = YES;
				CLANG_WARN_ENUM_CONVERSION = YES;
				CLANG_WARN_INFINITE_RECURSION = YES;
				CLANG_WARN_INT_CONVERSION = YES;
				CLANG_WARN_NON_LITERAL_NULL_CONVERSION = YES;
				CLANG_WARN_OBJC_IMPLICIT_RETAIN_SELF = YES;
				CLANG_WARN_OBJC_LITERAL_CONVERSION = YES;
				CLANG_WARN_OBJC_ROOT_CLASS = YES_ERROR;
				CLANG_WARN_QUOTED_INCLUDE_IN_FRAMEWORK_HEADER = YES;
				CLANG_WARN_RANGE_LOOP_ANALYSIS = YES;
				CLANG_WARN_STRICT_PROTOTYPES = YES;
				CLANG_WARN_SUSPICIOUS_MOVE = YES;
				CLANG_WARN_UNGUARDED_AVAILABILITY = YES_AGGRESSIVE;
				CLANG_WARN_UNREACHABLE_CODE = YES;
				CLANG_WARN__DUPLICATE_METHOD_MATCH = YES;
				COPY_PHASE_STRIP = NO;
				DEBUG_INFORMATION_FORMAT = dwarf;
				ENABLE_STRICT_OBJC_MSGSEND = YES;
				ENABLE_TESTABILITY = YES;
				ENABLE_USER_SCRIPT_SANDBOXING = YES;
				GCC_C_LANGUAGE_STANDARD = gnu17;
				GCC_DYNAMIC_NO_PIC = NO;
				GCC_NO_COMMON_BLOCKS = YES;
				GCC_OPTIMIZATION_LEVEL = 0;
				GCC_PREPROCESSOR_DEFINITIONS = (
					"DEBUG=1",
					"$(inherited)",
				);
				GCC_WARN_64_TO_32_BIT_CONVERSION = YES;
				GCC_WARN_ABOUT_RETURN_TYPE = YES_ERROR;
				GCC_WARN_UNDECLARED_SELECTOR = YES;
				GCC_WARN_UNINITIALIZED_AUTOS = YES_AGGRESSIVE;
				GCC_WARN_UNUSED_FUNCTION = YES;
				GCC_WARN_UNUSED_VARIABLE = YES;
				LOCALIZATION_PREFERS_STRING_CATALOGS = YES;
				MTL_ENABLE_DEBUG_INFO = INCLUDE_SOURCE;
				MTL_FAST_MATH = YES;
				ONLY_ACTIVE_ARCH = YES;
				SWIFT_ACTIVE_COMPILATION_CONDITIONS = "DEBUG $(inherited)";
				SWIFT_OPTIMIZATION_LEVEL = "-Onone";
			};
			name = Debug;
		};
		E45281812BD159D2002FC7D3 /* Release */ = {
			isa = XCBuildConfiguration;
			buildSettings = {
				ALWAYS_SEARCH_USER_PATHS = NO;
				ASSETCATALOG_COMPILER_GENERATE_SWIFT_ASSET_SYMBOL_EXTENSIONS = YES;
				CLANG_ANALYZER_NONNULL = YES;
				CLANG_ANALYZER_NUMBER_OBJECT_CONVERSION = YES_AGGRESSIVE;
				CLANG_CXX_LANGUAGE_STANDARD = "gnu++20";
				CLANG_ENABLE_MODULES = YES;
				CLANG_ENABLE_OBJC_ARC = YES;
				CLANG_ENABLE_OBJC_WEAK = YES;
				CLANG_WARN_BLOCK_CAPTURE_AUTORELEASING = YES;
				CLANG_WARN_BOOL_CONVERSION = YES;
				CLANG_WARN_COMMA = YES;
				CLANG_WARN_CONSTANT_CONVERSION = YES;
				CLANG_WARN_DEPRECATED_OBJC_IMPLEMENTATIONS = YES;
				CLANG_WARN_DIRECT_OBJC_ISA_USAGE = YES_ERROR;
				CLANG_WARN_DOCUMENTATION_COMMENTS = YES;
				CLANG_WARN_EMPTY_BODY = YES;
				CLANG_WARN_ENUM_CONVERSION = YES;
				CLANG_WARN_INFINITE_RECURSION = YES;
				CLANG_WARN_INT_CONVERSION = YES;
				CLANG_WARN_NON_LITERAL_NULL_CONVERSION = YES;
				CLANG_WARN_OBJC_IMPLICIT_RETAIN_SELF = YES;
				CLANG_WARN_OBJC_LITERAL_CONVERSION = YES;
				CLANG_WARN_OBJC_ROOT_CLASS = YES_ERROR;
				CLANG_WARN_QUOTED_INCLUDE_IN_FRAMEWORK_HEADER = YES;
				CLANG_WARN_RANGE_LOOP_ANALYSIS = YES;
				CLANG_WARN_STRICT_PROTOTYPES = YES;
				CLANG_WARN_SUSPICIOUS_MOVE = YES;
				CLANG_WARN_UNGUARDED_AVAILABILITY = YES_AGGRESSIVE;
				CLANG_WARN_UNREACHABLE_CODE = YES;
				CLANG_WARN__DUPLICATE_METHOD_MATCH = YES;
				COPY_PHASE_STRIP = NO;
				DEBUG_INFORMATION_FORMAT = "dwarf-with-dsym";
				ENABLE_NS_ASSERTIONS = NO;
				ENABLE_STRICT_OBJC_MSGSEND = YES;
				ENABLE_USER_SCRIPT_SANDBOXING = YES;
				GCC_C_LANGUAGE_STANDARD = gnu17;
				GCC_NO_COMMON_BLOCKS = YES;
				GCC_WARN_64_TO_32_BIT_CONVERSION = YES;
				GCC_WARN_ABOUT_RETURN_TYPE = YES_ERROR;
				GCC_WARN_UNDECLARED_SELECTOR = YES;
				GCC_WARN_UNINITIALIZED_AUTOS = YES_AGGRESSIVE;
				GCC_WARN_UNUSED_FUNCTION = YES;
				GCC_WARN_UNUSED_VARIABLE = YES;
				LOCALIZATION_PREFERS_STRING_CATALOGS = YES;
				MTL_ENABLE_DEBUG_INFO = NO;
				MTL_FAST_MATH = YES;
				SWIFT_COMPILATION_MODE = wholemodule;
			};
			name = Release;
		};
		E45281832BD159D2002FC7D3 /* Debug */ = {
			isa = XCBuildConfiguration;
			buildSettings = {
				ASSETCATALOG_COMPILER_APPICON_NAME = AppIcon;
				ASSETCATALOG_COMPILER_GLOBAL_ACCENT_COLOR_NAME = AccentColor;
				CODE_SIGN_ENTITLEMENTS = PickerTest/PickerTest.entitlements;
				CODE_SIGN_STYLE = Automatic;
				CURRENT_PROJECT_VERSION = 1;
				DEVELOPMENT_ASSET_PATHS = "\"PickerTest/Preview Content\"";
				DEVELOPMENT_TEAM = R28W7FR6SE;
				ENABLE_HARDENED_RUNTIME = YES;
				ENABLE_PREVIEWS = YES;
				GENERATE_INFOPLIST_FILE = YES;
				"INFOPLIST_KEY_UIApplicationSceneManifest_Generation[sdk=iphoneos*]" = YES;
				"INFOPLIST_KEY_UIApplicationSceneManifest_Generation[sdk=iphonesimulator*]" = YES;
				"INFOPLIST_KEY_UIApplicationSupportsIndirectInputEvents[sdk=iphoneos*]" = YES;
				"INFOPLIST_KEY_UIApplicationSupportsIndirectInputEvents[sdk=iphonesimulator*]" = YES;
				"INFOPLIST_KEY_UILaunchScreen_Generation[sdk=iphoneos*]" = YES;
				"INFOPLIST_KEY_UILaunchScreen_Generation[sdk=iphonesimulator*]" = YES;
				"INFOPLIST_KEY_UIStatusBarStyle[sdk=iphoneos*]" = UIStatusBarStyleDefault;
				"INFOPLIST_KEY_UIStatusBarStyle[sdk=iphonesimulator*]" = UIStatusBarStyleDefault;
				INFOPLIST_KEY_UISupportedInterfaceOrientations_iPad = "UIInterfaceOrientationPortrait UIInterfaceOrientationPortraitUpsideDown UIInterfaceOrientationLandscapeLeft UIInterfaceOrientationLandscapeRight";
				INFOPLIST_KEY_UISupportedInterfaceOrientations_iPhone = "UIInterfaceOrientationPortrait UIInterfaceOrientationLandscapeLeft UIInterfaceOrientationLandscapeRight";
				IPHONEOS_DEPLOYMENT_TARGET = 17.4;
				LD_RUNPATH_SEARCH_PATHS = "@executable_path/Frameworks";
				"LD_RUNPATH_SEARCH_PATHS[sdk=macosx*]" = "@executable_path/../Frameworks";
				MACOSX_DEPLOYMENT_TARGET = 14.4;
				MARKETING_VERSION = 1.0;
				PRODUCT_BUNDLE_IDENTIFIER = com.unlikelyware.PickerTest;
				PRODUCT_NAME = "$(TARGET_NAME)";
				SDKROOT = auto;
				SUPPORTED_PLATFORMS = "iphoneos iphonesimulator macosx";
				SWIFT_EMIT_LOC_STRINGS = YES;
				SWIFT_VERSION = 5.0;
				TARGETED_DEVICE_FAMILY = "1,2";
			};
			name = Debug;
		};
		E45281842BD159D2002FC7D3 /* Release */ = {
			isa = XCBuildConfiguration;
			buildSettings = {
				ASSETCATALOG_COMPILER_APPICON_NAME = AppIcon;
				ASSETCATALOG_COMPILER_GLOBAL_ACCENT_COLOR_NAME = AccentColor;
				CODE_SIGN_ENTITLEMENTS = PickerTest/PickerTest.entitlements;
				CODE_SIGN_STYLE = Automatic;
				CURRENT_PROJECT_VERSION = 1;
				DEVELOPMENT_ASSET_PATHS = "\"PickerTest/Preview Content\"";
				DEVELOPMENT_TEAM = R28W7FR6SE;
				ENABLE_HARDENED_RUNTIME = YES;
				ENABLE_PREVIEWS = YES;
				GENERATE_INFOPLIST_FILE = YES;
				"INFOPLIST_KEY_UIApplicationSceneManifest_Generation[sdk=iphoneos*]" = YES;
				"INFOPLIST_KEY_UIApplicationSceneManifest_Generation[sdk=iphonesimulator*]" = YES;
				"INFOPLIST_KEY_UIApplicationSupportsIndirectInputEvents[sdk=iphoneos*]" = YES;
				"INFOPLIST_KEY_UIApplicationSupportsIndirectInputEvents[sdk=iphonesimulator*]" = YES;
				"INFOPLIST_KEY_UILaunchScreen_Generation[sdk=iphoneos*]" = YES;
				"INFOPLIST_KEY_UILaunchScreen_Generation[sdk=iphonesimulator*]" = YES;
				"INFOPLIST_KEY_UIStatusBarStyle[sdk=iphoneos*]" = UIStatusBarStyleDefault;
				"INFOPLIST_KEY_UIStatusBarStyle[sdk=iphonesimulator*]" = UIStatusBarStyleDefault;
				INFOPLIST_KEY_UISupportedInterfaceOrientations_iPad = "UIInterfaceOrientationPortrait UIInterfaceOrientationPortraitUpsideDown UIInterfaceOrientationLandscapeLeft UIInterfaceOrientationLandscapeRight";
				INFOPLIST_KEY_UISupportedInterfaceOrientations_iPhone = "UIInterfaceOrientationPortrait UIInterfaceOrientationLandscapeLeft UIInterfaceOrientationLandscapeRight";
				IPHONEOS_DEPLOYMENT_TARGET = 17.4;
				LD_RUNPATH_SEARCH_PATHS = "@executable_path/Frameworks";
				"LD_RUNPATH_SEARCH_PATHS[sdk=macosx*]" = "@executable_path/../Frameworks";
				MACOSX_DEPLOYMENT_TARGET = 14.4;
				MARKETING_VERSION = 1.0;
				PRODUCT_BUNDLE_IDENTIFIER = com.unlikelyware.PickerTest;
				PRODUCT_NAME = "$(TARGET_NAME)";
				SDKROOT = auto;
				SUPPORTED_PLATFORMS = "iphoneos iphonesimulator macosx";
				SWIFT_EMIT_LOC_STRINGS = YES;
				SWIFT_VERSION = 5.0;
				TARGETED_DEVICE_FAMILY = "1,2";
			};
			name = Release;
		};
		E45281862BD159D2002FC7D3 /* Debug */ = {
			isa = XCBuildConfiguration;
			buildSettings = {
				ALWAYS_EMBED_SWIFT_STANDARD_LIBRARIES = YES;
				BUNDLE_LOADER = "$(TEST_HOST)";
				CODE_SIGN_STYLE = Automatic;
				CURRENT_PROJECT_VERSION = 1;
				DEVELOPMENT_TEAM = R28W7FR6SE;
				GENERATE_INFOPLIST_FILE = YES;
				IPHONEOS_DEPLOYMENT_TARGET = 17.4;
				MACOSX_DEPLOYMENT_TARGET = 14.4;
				MARKETING_VERSION = 1.0;
				PRODUCT_BUNDLE_IDENTIFIER = com.unlikelyware.PickerTestTests;
				PRODUCT_NAME = "$(TARGET_NAME)";
				SDKROOT = auto;
				SUPPORTED_PLATFORMS = "iphoneos iphonesimulator macosx";
				SWIFT_EMIT_LOC_STRINGS = NO;
				SWIFT_VERSION = 5.0;
				TARGETED_DEVICE_FAMILY = "1,2";
				TEST_HOST = "$(BUILT_PRODUCTS_DIR)/PickerTest.app/$(BUNDLE_EXECUTABLE_FOLDER_PATH)/PickerTest";
			};
			name = Debug;
		};
		E45281872BD159D2002FC7D3 /* Release */ = {
			isa = XCBuildConfiguration;
			buildSettings = {
				ALWAYS_EMBED_SWIFT_STANDARD_LIBRARIES = YES;
				BUNDLE_LOADER = "$(TEST_HOST)";
				CODE_SIGN_STYLE = Automatic;
				CURRENT_PROJECT_VERSION = 1;
				DEVELOPMENT_TEAM = R28W7FR6SE;
				GENERATE_INFOPLIST_FILE = YES;
				IPHONEOS_DEPLOYMENT_TARGET = 17.4;
				MACOSX_DEPLOYMENT_TARGET = 14.4;
				MARKETING_VERSION = 1.0;
				PRODUCT_BUNDLE_IDENTIFIER = com.unlikelyware.PickerTestTests;
				PRODUCT_NAME = "$(TARGET_NAME)";
				SDKROOT = auto;
				SUPPORTED_PLATFORMS = "iphoneos iphonesimulator macosx";
				SWIFT_EMIT_LOC_STRINGS = NO;
				SWIFT_VERSION = 5.0;
				TARGETED_DEVICE_FAMILY = "1,2";
				TEST_HOST = "$(BUILT_PRODUCTS_DIR)/PickerTest.app/$(BUNDLE_EXECUTABLE_FOLDER_PATH)/PickerTest";
			};
			name = Release;
		};
		E45281892BD159D2002FC7D3 /* Debug */ = {
			isa = XCBuildConfiguration;
			buildSettings = {
				ALWAYS_EMBED_SWIFT_STANDARD_LIBRARIES = YES;
				CODE_SIGN_STYLE = Automatic;
				CURRENT_PROJECT_VERSION = 1;
				DEVELOPMENT_TEAM = R28W7FR6SE;
				GENERATE_INFOPLIST_FILE = YES;
				IPHONEOS_DEPLOYMENT_TARGET = 17.4;
				MACOSX_DEPLOYMENT_TARGET = 14.4;
				MARKETING_VERSION = 1.0;
				PRODUCT_BUNDLE_IDENTIFIER = com.unlikelyware.PickerTestUITests;
				PRODUCT_NAME = "$(TARGET_NAME)";
				SDKROOT = auto;
				SUPPORTED_PLATFORMS = "iphoneos iphonesimulator macosx";
				SWIFT_EMIT_LOC_STRINGS = NO;
				SWIFT_VERSION = 5.0;
				TARGETED_DEVICE_FAMILY = "1,2";
				TEST_TARGET_NAME = PickerTest;
			};
			name = Debug;
		};
		E452818A2BD159D2002FC7D3 /* Release */ = {
			isa = XCBuildConfiguration;
			buildSettings = {
				ALWAYS_EMBED_SWIFT_STANDARD_LIBRARIES = YES;
				CODE_SIGN_STYLE = Automatic;
				CURRENT_PROJECT_VERSION = 1;
				DEVELOPMENT_TEAM = R28W7FR6SE;
				GENERATE_INFOPLIST_FILE = YES;
				IPHONEOS_DEPLOYMENT_TARGET = 17.4;
				MACOSX_DEPLOYMENT_TARGET = 14.4;
				MARKETING_VERSION = 1.0;
				PRODUCT_BUNDLE_IDENTIFIER = com.unlikelyware.PickerTestUITests;
				PRODUCT_NAME = "$(TARGET_NAME)";
				SDKROOT = auto;
				SUPPORTED_PLATFORMS = "iphoneos iphonesimulator macosx";
				SWIFT_EMIT_LOC_STRINGS = NO;
				SWIFT_VERSION = 5.0;
				TARGETED_DEVICE_FAMILY = "1,2";
				TEST_TARGET_NAME = PickerTest;
			};
			name = Release;
		};
/* End XCBuildConfiguration section */

/* Begin XCConfigurationList section */
		E45281582BD159D1002FC7D3 /* Build configuration list for PBXProject "PickerTest" */ = {
			isa = XCConfigurationList;
			buildConfigurations = (
				E45281802BD159D2002FC7D3 /* Debug */,
				E45281812BD159D2002FC7D3 /* Release */,
			);
			defaultConfigurationIsVisible = 0;
			defaultConfigurationName = Release;
		};
		E45281822BD159D2002FC7D3 /* Build configuration list for PBXNativeTarget "PickerTest" */ = {
			isa = XCConfigurationList;
			buildConfigurations = (
				E45281832BD159D2002FC7D3 /* Debug */,
				E45281842BD159D2002FC7D3 /* Release */,
			);
			defaultConfigurationIsVisible = 0;
			defaultConfigurationName = Release;
		};
		E45281852BD159D2002FC7D3 /* Build configuration list for PBXNativeTarget "PickerTestTests" */ = {
			isa = XCConfigurationList;
			buildConfigurations = (
				E45281862BD159D2002FC7D3 /* Debug */,
				E45281872BD159D2002FC7D3 /* Release */,
			);
			defaultConfigurationIsVisible = 0;
			defaultConfigurationName = Release;
		};
		E45281882BD159D2002FC7D3 /* Build configuration list for PBXNativeTarget "PickerTestUITests" */ = {
			isa = XCConfigurationList;
			buildConfigurations = (
				E45281892BD159D2002FC7D3 /* Debug */,
				E452818A2BD159D2002FC7D3 /* Release */,
			);
			defaultConfigurationIsVisible = 0;
			defaultConfigurationName = Release;
		};
/* End XCConfigurationList section */
	};
	rootObject = E45281552BD159D1002FC7D3 /* Project object */;
}
